
Microsoft Visual Studio Solution File, Format Version 12.00
# Visual Studio Version 17
VisualStudioVersion = 17.4.33403.182
MinimumVisualStudioVersion = 10.0.40219.1
Project("{FAE04EC0-301F-11D3-BF4B-00C04F79EFBC}") = "GithubDotNetPipeline", "GithubDotNetPipeline\GithubDotNetPipeline.csproj", "{15938CC9-8FCC-4FEA-A6A9-55DEBA4C349A}"
EndProject
Global
	GlobalSection(SolutionConfigurationPlatforms) = preSolution
		Debug|Any CPU = Debug|Any CPU
		Release|Any CPU = Release|Any CPU
	EndGlobalSection
	GlobalSection(ProjectConfigurationPlatforms) = postSolution
		{15938CC9-8FCC-4FEA-A6A9-55DEBA4C349A}.Debug|Any CPU.ActiveCfg = Debug|Any CPU
		{15938CC9-8FCC-4FEA-A6A9-55DEBA4C349A}.Debug|Any CPU.Build.0 = Debug|Any CPU
		{15938CC9-8FCC-4FEA-A6A9-55DEBA4C349A}.Release|Any CPU.ActiveCfg = Release|Any CPU
		{15938CC9-8FCC-4FEA-A6A9-55DEBA4C349A}.Release|Any CPU.Build.0 = Release|Any CPU
	EndGlobalSection
	GlobalSection(SolutionProperties) = preSolution
		HideSolutionNode = FALSE
	EndGlobalSection
	GlobalSection(ExtensibilityGlobals) = postSolution
		SolutionGuid = {046948E5-05AA-46DE-BBB0-7DA565A833CE}
	EndGlobalSection
EndGlobal
